
Microsoft Visual Studio Solution File, Format Version 12.00
# Visual Studio Version 17
VisualStudioVersion = 17.9.34723.18
MinimumVisualStudioVersion = 10.0.40219.1
Project("{FAE04EC0-301F-11D3-BF4B-00C04F79EFBC}") = "StudentPortal.Web", "StudentPortal.Web\StudentPortal.Web.csproj", "{B290B659-094C-4BCE-8989-E23B55DEC504}"
EndProject
Global
	GlobalSection(SolutionConfigurationPlatforms) = preSolution
		Debug|Any CPU = Debug|Any CPU
		Release|Any CPU = Release|Any CPU
	EndGlobalSection
	GlobalSection(ProjectConfigurationPlatforms) = postSolution
		{B290B659-094C-4BCE-8989-E23B55DEC504}.Debug|Any CPU.ActiveCfg = Debug|Any CPU
		{B290B659-094C-4BCE-8989-E23B55DEC504}.Debug|Any CPU.Build.0 = Debug|Any CPU
		{B290B659-094C-4BCE-8989-E23B55DEC504}.Release|Any CPU.ActiveCfg = Release|Any CPU
		{B290B659-094C-4BCE-8989-E23B55DEC504}.Release|Any CPU.Build.0 = Release|Any CPU
	EndGlobalSection
	GlobalSection(SolutionProperties) = preSolution
		HideSolutionNode = FALSE
	EndGlobalSection
	GlobalSection(ExtensibilityGlobals) = postSolution
		SolutionGuid = {76A6D870-40D3-4D9C-B173-9EADE7A0EED2}
	EndGlobalSection
EndGlobal
